{
  "name": "commander-decks",
  "version": "1.0.0",
  "lockfileVersion": 2,
  "requires": true,
  "packages": {
    "": {
      "version": "1.0.0",
      "license": "CC-BY-4.0",
      "devDependencies": {
        "mtgo-deck-formatter": "^1.0.0"
      }
    },
    "node_modules/mtgo-deck-formatter": {
      "version": "1.0.1",
      "resolved": "https://registry.npmjs.org/mtgo-deck-formatter/-/mtgo-deck-formatter-1.0.1.tgz",
      "integrity": "sha512-rQDAjSpkjVYWtKW0cK2Wgkq3feIIPVv/MwO7w9XmeluTmGiMIjeUojqi/QL1usBAyFJOKDzbaqKrxMsNIpWrzw==",
      "dev": true,
      "bin": {
        "mtgo-deck-formatter": "format.js"
      }
    }
  },
  "dependencies": {
    "mtgo-deck-formatter": {
      "version": "1.0.1",
      "resolved": "https://registry.npmjs.org/mtgo-deck-formatter/-/mtgo-deck-formatter-1.0.1.tgz",
      "integrity": "sha512-rQDAjSpkjVYWtKW0cK2Wgkq3feIIPVv/MwO7w9XmeluTmGiMIjeUojqi/QL1usBAyFJOKDzbaqKrxMsNIpWrzw==",
      "dev": true
    }
  }
}
